// !$*UTF8*$!
{
	archiveVersion = 1;
	classes = {
	};
	objectVersion = 50;
	objects = {

/* Begin PBXBuildFile section */
		DA3702922679573900527F85 /* EnrouteApp.swift in Sources */ = {isa = PBXBuildFile; fileRef = DA3702912679573900527F85 /* EnrouteApp.swift */; };
		DA3702962679573A00527F85 /* Assets.xcassets in Resources */ = {isa = PBXBuildFile; fileRef = DA3702952679573A00527F85 /* Assets.xcassets */; };
		DA3702992679573A00527F85 /* Preview Assets.xcassets in Resources */ = {isa = PBXBuildFile; fileRef = DA3702982679573A00527F85 /* Preview Assets.xcassets */; };
		DA3702A72679576000527F85 /* FilterFlights.swift in Sources */ = {isa = PBXBuildFile; fileRef = DA3702A02679575F00527F85 /* FilterFlights.swift */; };
		DA3702A82679576000527F85 /* Airlines.swift in Sources */ = {isa = PBXBuildFile; fileRef = DA3702A12679575F00527F85 /* Airlines.swift */; };
		DA3702A92679576000527F85 /* Airports.swift in Sources */ = {isa = PBXBuildFile; fileRef = DA3702A22679575F00527F85 /* Airports.swift */; };
		DA3702AA2679576000527F85 /* FoundationExtensions.swift in Sources */ = {isa = PBXBuildFile; fileRef = DA3702A32679576000527F85 /* FoundationExtensions.swift */; };
		DA3702AB2679576000527F85 /* FlightsEnrouteView.swift in Sources */ = {isa = PBXBuildFile; fileRef = DA3702A42679576000527F85 /* FlightsEnrouteView.swift */; };
		DA3702AD2679576000527F85 /* FlightFetcher.swift in Sources */ = {isa = PBXBuildFile; fileRef = DA3702A62679576000527F85 /* FlightFetcher.swift */; };
		DA3702B5267957D400527F85 /* FAFlight.swift in Sources */ = {isa = PBXBuildFile; fileRef = DA3702B4267957D400527F85 /* FAFlight.swift */; };
		DA3702B6267957D400527F85 /* FlightAware+AirlineInfo.swift in Sources */ = {isa = PBXBuildFile; fileRef = DA3702B0267957D400527F85 /* FlightAware+AirlineInfo.swift */; };
		DA3702B7267957D400527F85 /* FlightAware+Enroute.swift in Sources */ = {isa = PBXBuildFile; fileRef = DA3702B2267957D400527F85 /* FlightAware+Enroute.swift */; };
		DA3702B8267957D400527F85 /* FlightAwareRequest.swift in Sources */ = {isa = PBXBuildFile; fileRef = DA3702B3267957D400527F85 /* FlightAwareRequest.swift */; };
		DA3702B9267957D400527F85 /* FlightSimulationData.swift in Sources */ = {isa = PBXBuildFile; fileRef = DA3702AF267957D300527F85 /* FlightSimulationData.swift */; };
		DA3702BA267957D400527F85 /* FlightAware+AirportInfo.swift in Sources */ = {isa = PBXBuildFile; fileRef = DA3702B1267957D400527F85 /* FlightAware+AirportInfo.swift */; };
/* End PBXBuildFile section */

/* Begin PBXFileReference section */
		DA37028E2679573900527F85 /* Enroute.app */ = {isa = PBXFileReference; explicitFileType = wrapper.application; includeInIndex = 0; path = Enroute.app; sourceTree = BUILT_PRODUCTS_DIR; };
		DA3702912679573900527F85 /* EnrouteApp.swift */ = {isa = PBXFileReference; lastKnownFileType = sourcecode.swift; path = EnrouteApp.swift; sourceTree = "<group>"; };
		DA3702952679573A00527F85 /* Assets.xcassets */ = {isa = PBXFileReference; lastKnownFileType = folder.assetcatalog; path = Assets.xcassets; sourceTree = "<group>"; };
		DA3702982679573A00527F85 /* Preview Assets.xcassets */ = {isa = PBXFileReference; lastKnownFileType = folder.assetcatalog; path = "Preview Assets.xcassets"; sourceTree = "<group>"; };
		DA37029A2679573A00527F85 /* Info.plist */ = {isa = PBXFileReference; lastKnownFileType = text.plist.xml; path = Info.plist; sourceTree = "<group>"; };
		DA3702A02679575F00527F85 /* FilterFlights.swift */ = {isa = PBXFileReference; fileEncoding = 4; lastKnownFileType = sourcecode.swift; path = FilterFlights.swift; sourceTree = "<group>"; };
		DA3702A12679575F00527F85 /* Airlines.swift */ = {isa = PBXFileReference; fileEncoding = 4; lastKnownFileType = sourcecode.swift; path = Airlines.swift; sourceTree = "<group>"; };
		DA3702A22679575F00527F85 /* Airports.swift */ = {isa = PBXFileReference; fileEncoding = 4; lastKnownFileType = sourcecode.swift; path = Airports.swift; sourceTree = "<group>"; };
		DA3702A32679576000527F85 /* FoundationExtensions.swift */ = {isa = PBXFileReference; fileEncoding = 4; lastKnownFileType = sourcecode.swift; path = FoundationExtensions.swift; sourceTree = "<group>"; };
		DA3702A42679576000527F85 /* FlightsEnrouteView.swift */ = {isa = PBXFileReference; fileEncoding = 4; lastKnownFileType = sourcecode.swift; path = FlightsEnrouteView.swift; sourceTree = "<group>"; };
		DA3702A62679576000527F85 /* FlightFetcher.swift */ = {isa = PBXFileReference; fileEncoding = 4; lastKnownFileType = sourcecode.swift; path = FlightFetcher.swift; sourceTree = "<group>"; };
		DA3702AF267957D300527F85 /* FlightSimulationData.swift */ = {isa = PBXFileReference; lastKnownFileType = sourcecode.swift; path = FlightSimulationData.swift; sourceTree = "<group>"; };
		DA3702B0267957D400527F85 /* FlightAware+AirlineInfo.swift */ = {isa = PBXFileReference; lastKnownFileType = sourcecode.swift; path = "FlightAware+AirlineInfo.swift"; sourceTree = "<group>"; };
		DA3702B1267957D400527F85 /* FlightAware+AirportInfo.swift */ = {isa = PBXFileReference; lastKnownFileType = sourcecode.swift; path = "FlightAware+AirportInfo.swift"; sourceTree = "<group>"; };
		DA3702B2267957D400527F85 /* FlightAware+Enroute.swift */ = {isa = PBXFileReference; lastKnownFileType = sourcecode.swift; path = "FlightAware+Enroute.swift"; sourceTree = "<group>"; };
		DA3702B3267957D400527F85 /* FlightAwareRequest.swift */ = {isa = PBXFileReference; lastKnownFileType = sourcecode.swift; path = FlightAwareRequest.swift; sourceTree = "<group>"; };
		DA3702B4267957D400527F85 /* FAFlight.swift */ = {isa = PBXFileReference; lastKnownFileType = sourcecode.swift; path = FAFlight.swift; sourceTree = "<group>"; };
/* End PBXFileReference section */

/* Begin PBXFrameworksBuildPhase section */
		DA37028B2679573900527F85 /* Frameworks */ = {
			isa = PBXFrameworksBuildPhase;
			buildActionMask = 2147483647;
			files = (
			);
			runOnlyForDeploymentPostprocessing = 0;
		};
/* End PBXFrameworksBuildPhase section */

/* Begin PBXGroup section */
		DA3702852679573900527F85 = {
			isa = PBXGroup;
			children = (
				DA3702902679573900527F85 /* Enroute */,
				DA37028F2679573900527F85 /* Products */,
			);
			sourceTree = "<group>";
		};
		DA37028F2679573900527F85 /* Products */ = {
			isa = PBXGroup;
			children = (
				DA37028E2679573900527F85 /* Enroute.app */,
			);
			name = Products;
			sourceTree = "<group>";
		};
		DA3702902679573900527F85 /* Enroute */ = {
			isa = PBXGroup;
			children = (
				DA3702A42679576000527F85 /* FlightsEnrouteView.swift */,
				DA3702A02679575F00527F85 /* FilterFlights.swift */,
				DA3702A62679576000527F85 /* FlightFetcher.swift */,
				DA3702A12679575F00527F85 /* Airlines.swift */,
				DA3702A22679575F00527F85 /* Airports.swift */,
				DA3702BB2679581E00527F85 /* FlightAware */,
				DA3702A32679576000527F85 /* FoundationExtensions.swift */,
				DA3702952679573A00527F85 /* Assets.xcassets */,
				DA3702912679573900527F85 /* EnrouteApp.swift */,
				DA37029A2679573A00527F85 /* Info.plist */,
				DA3702972679573A00527F85 /* Preview Content */,
			);
			path = Enroute;
			sourceTree = "<group>";
		};
		DA3702972679573A00527F85 /* Preview Content */ = {
			isa = PBXGroup;
			children = (
				DA3702982679573A00527F85 /* Preview Assets.xcassets */,
			);
			path = "Preview Content";
			sourceTree = "<group>";
		};
		DA3702BB2679581E00527F85 /* FlightAware */ = {
			isa = PBXGroup;
			children = (
				DA3702B3267957D400527F85 /* FlightAwareRequest.swift */,
				DA3702B4267957D400527F85 /* FAFlight.swift */,
				DA3702B2267957D400527F85 /* FlightAware+Enroute.swift */,
				DA3702B0267957D400527F85 /* FlightAware+AirlineInfo.swift */,
				DA3702B1267957D400527F85 /* FlightAware+AirportInfo.swift */,
				DA3702AF267957D300527F85 /* FlightSimulationData.swift */,
			);
			path = FlightAware;
			sourceTree = "<group>";
		};
/* End PBXGroup section */

/* Begin PBXNativeTarget section */
		DA37028D2679573900527F85 /* Enroute */ = {
			isa = PBXNativeTarget;
			buildConfigurationList = DA37029D2679573A00527F85 /* Build configuration list for PBXNativeTarget "Enroute" */;
			buildPhases = (
				DA37028A2679573900527F85 /* Sources */,
				DA37028B2679573900527F85 /* Frameworks */,
				DA37028C2679573900527F85 /* Resources */,
			);
			buildRules = (
			);
			dependencies = (
			);
			name = Enroute;
			productName = Enroute;
			productReference = DA37028E2679573900527F85 /* Enroute.app */;
			productType = "com.apple.product-type.application";
		};
/* End PBXNativeTarget section */

/* Begin PBXProject section */
		DA3702862679573900527F85 /* Project object */ = {
			isa = PBXProject;
			attributes = {
				LastSwiftUpdateCheck = 1250;
				LastUpgradeCheck = 1250;
				TargetAttributes = {
					DA37028D2679573900527F85 = {
						CreatedOnToolsVersion = 12.5;
					};
				};
			};
			buildConfigurationList = DA3702892679573900527F85 /* Build configuration list for PBXProject "Enroute" */;
			compatibilityVersion = "Xcode 9.3";
			developmentRegion = en;
			hasScannedForEncodings = 0;
			knownRegions = (
				en,
				Base,
			);
			mainGroup = DA3702852679573900527F85;
			productRefGroup = DA37028F2679573900527F85 /* Products */;
			projectDirPath = "";
			projectRoot = "";
			targets = (
				DA37028D2679573900527F85 /* Enroute */,
			);
		};
/* End PBXProject section */

/* Begin PBXResourcesBuildPhase section */
		DA37028C2679573900527F85 /* Resources */ = {
			isa = PBXResourcesBuildPhase;
			buildActionMask = 2147483647;
			files = (
				DA3702992679573A00527F85 /* Preview Assets.xcassets in Resources */,
				DA3702962679573A00527F85 /* Assets.xcassets in Resources */,
			);
			runOnlyForDeploymentPostprocessing = 0;
		};
/* End PBXResourcesBuildPhase section */

/* Begin PBXSourcesBuildPhase section */
		DA37028A2679573900527F85 /* Sources */ = {
			isa = PBXSourcesBuildPhase;
			buildActionMask = 2147483647;
			files = (
				DA3702A82679576000527F85 /* Airlines.swift in Sources */,
				DA3702AB2679576000527F85 /* FlightsEnrouteView.swift in Sources */,
				DA3702AA2679576000527F85 /* FoundationExtensions.swift in Sources */,
				DA3702B6267957D400527F85 /* FlightAware+AirlineInfo.swift in Sources */,
				DA3702A92679576000527F85 /* Airports.swift in Sources */,
				DA3702AD2679576000527F85 /* FlightFetcher.swift in Sources */,
				DA3702B9267957D400527F85 /* FlightSimulationData.swift in Sources */,
				DA3702B8267957D400527F85 /* FlightAwareRequest.swift in Sources */,
				DA3702A72679576000527F85 /* FilterFlights.swift in Sources */,
				DA3702B5267957D400527F85 /* FAFlight.swift in Sources */,
				DA3702BA267957D400527F85 /* FlightAware+AirportInfo.swift in Sources */,
				DA3702922679573900527F85 /* EnrouteApp.swift in Sources */,
				DA3702B7267957D400527F85 /* FlightAware+Enroute.swift in Sources */,
			);
			runOnlyForDeploymentPostprocessing = 0;
		};
/* End PBXSourcesBuildPhase section */

/* Begin XCBuildConfiguration section */
		DA37029B2679573A00527F85 /* Debug */ = {
			isa = XCBuildConfiguration;
			buildSettings = {
				ALWAYS_SEARCH_USER_PATHS = NO;
				CLANG_ANALYZER_NONNULL = YES;
				CLANG_ANALYZER_NUMBER_OBJECT_CONVERSION = YES_AGGRESSIVE;
				CLANG_CXX_LANGUAGE_STANDARD = "gnu++14";
				CLANG_CXX_LIBRARY = "libc++";
				CLANG_ENABLE_MODULES = YES;
				CLANG_ENABLE_OBJC_ARC = YES;
				CLANG_ENABLE_OBJC_WEAK = YES;
				CLANG_WARN_BLOCK_CAPTURE_AUTORELEASING = YES;
				CLANG_WARN_BOOL_CONVERSION = YES;
				CLANG_WARN_COMMA = YES;
				CLANG_WARN_CONSTANT_CONVERSION = YES;
				CLANG_WARN_DEPRECATED_OBJC_IMPLEMENTATIONS = YES;
				CLANG_WARN_DIRECT_OBJC_ISA_USAGE = YES_ERROR;
				CLANG_WARN_DOCUMENTATION_COMMENTS = YES;
				CLANG_WARN_EMPTY_BODY = YES;
				CLANG_WARN_ENUM_CONVERSION = YES;
				CLANG_WARN_INFINITE_RECURSION = YES;
				CLANG_WARN_INT_CONVERSION = YES;
				CLANG_WARN_NON_LITERAL_NULL_CONVERSION = YES;
				CLANG_WARN_OBJC_IMPLICIT_RETAIN_SELF = YES;
				CLANG_WARN_OBJC_LITERAL_CONVERSION = YES;
				CLANG_WARN_OBJC_ROOT_CLASS = YES_ERROR;
				CLANG_WARN_QUOTED_INCLUDE_IN_FRAMEWORK_HEADER = YES;
				CLANG_WARN_RANGE_LOOP_ANALYSIS = YES;
				CLANG_WARN_STRICT_PROTOTYPES = YES;
				CLANG_WARN_SUSPICIOUS_MOVE = YES;
				CLANG_WARN_UNGUARDED_AVAILABILITY = YES_AGGRESSIVE;
				CLANG_WARN_UNREACHABLE_CODE = YES;
				CLANG_WARN__DUPLICATE_METHOD_MATCH = YES;
				COPY_PHASE_STRIP = NO;
				DEBUG_INFORMATION_FORMAT = dwarf;
				ENABLE_STRICT_OBJC_MSGSEND = YES;
				ENABLE_TESTABILITY = YES;
				GCC_C_LANGUAGE_STANDARD = gnu11;
				GCC_DYNAMIC_NO_PIC = NO;
				GCC_NO_COMMON_BLOCKS = YES;
				GCC_OPTIMIZATION_LEVEL = 0;
				GCC_PREPROCESSOR_DEFINITIONS = (
					"DEBUG=1",
					"$(inherited)",
				);
				GCC_WARN_64_TO_32_BIT_CONVERSION = YES;
				GCC_WARN_ABOUT_RETURN_TYPE = YES_ERROR;
				GCC_WARN_UNDECLARED_SELECTOR = YES;
				GCC_WARN_UNINITIALIZED_AUTOS = YES_AGGRESSIVE;
				GCC_WARN_UNUSED_FUNCTION = YES;
				GCC_WARN_UNUSED_VARIABLE = YES;
				IPHONEOS_DEPLOYMENT_TARGET = 14.5;
				MTL_ENABLE_DEBUG_INFO = INCLUDE_SOURCE;
				MTL_FAST_MATH = YES;
				ONLY_ACTIVE_ARCH = YES;
				SDKROOT = iphoneos;
				SWIFT_ACTIVE_COMPILATION_CONDITIONS = DEBUG;
				SWIFT_OPTIMIZATION_LEVEL = "-Onone";
			};
			name = Debug;
		};
		DA37029C2679573A00527F85 /* Release */ = {
			isa = XCBuildConfiguration;
			buildSettings = {
				ALWAYS_SEARCH_USER_PATHS = NO;
				CLANG_ANALYZER_NONNULL = YES;
				CLANG_ANALYZER_NUMBER_OBJECT_CONVERSION = YES_AGGRESSIVE;
				CLANG_CXX_LANGUAGE_STANDARD = "gnu++14";
				CLANG_CXX_LIBRARY = "libc++";
				CLANG_ENABLE_MODULES = YES;
				CLANG_ENABLE_OBJC_ARC = YES;
				CLANG_ENABLE_OBJC_WEAK = YES;
				CLANG_WARN_BLOCK_CAPTURE_AUTORELEASING = YES;
				CLANG_WARN_BOOL_CONVERSION = YES;
				CLANG_WARN_COMMA = YES;
				CLANG_WARN_CONSTANT_CONVERSION = YES;
				CLANG_WARN_DEPRECATED_OBJC_IMPLEMENTATIONS = YES;
				CLANG_WARN_DIRECT_OBJC_ISA_USAGE = YES_ERROR;
				CLANG_WARN_DOCUMENTATION_COMMENTS = YES;
				CLANG_WARN_EMPTY_BODY = YES;
				CLANG_WARN_ENUM_CONVERSION = YES;
				CLANG_WARN_INFINITE_RECURSION = YES;
				CLANG_WARN_INT_CONVERSION = YES;
				CLANG_WARN_NON_LITERAL_NULL_CONVERSION = YES;
				CLANG_WARN_OBJC_IMPLICIT_RETAIN_SELF = YES;
				CLANG_WARN_OBJC_LITERAL_CONVERSION = YES;
				CLANG_WARN_OBJC_ROOT_CLASS = YES_ERROR;
				CLANG_WARN_QUOTED_INCLUDE_IN_FRAMEWORK_HEADER = YES;
				CLANG_WARN_RANGE_LOOP_ANALYSIS = YES;
				CLANG_WARN_STRICT_PROTOTYPES = YES;
				CLANG_WARN_SUSPICIOUS_MOVE = YES;
				CLANG_WARN_UNGUARDED_AVAILABILITY = YES_AGGRESSIVE;
				CLANG_WARN_UNREACHABLE_CODE = YES;
				CLANG_WARN__DUPLICATE_METHOD_MATCH = YES;
				COPY_PHASE_STRIP = NO;
				DEBUG_INFORMATION_FORMAT = "dwarf-with-dsym";
				ENABLE_NS_ASSERTIONS = NO;
				ENABLE_STRICT_OBJC_MSGSEND = YES;
				GCC_C_LANGUAGE_STANDARD = gnu11;
				GCC_NO_COMMON_BLOCKS = YES;
				GCC_WARN_64_TO_32_BIT_CONVERSION = YES;
				GCC_WARN_ABOUT_RETURN_TYPE = YES_ERROR;
				GCC_WARN_UNDECLARED_SELECTOR = YES;
				GCC_WARN_UNINITIALIZED_AUTOS = YES_AGGRESSIVE;
				GCC_WARN_UNUSED_FUNCTION = YES;
				GCC_WARN_UNUSED_VARIABLE = YES;
				IPHONEOS_DEPLOYMENT_TARGET = 14.5;
				MTL_ENABLE_DEBUG_INFO = NO;
				MTL_FAST_MATH = YES;
				SDKROOT = iphoneos;
				SWIFT_COMPILATION_MODE = wholemodule;
				SWIFT_OPTIMIZATION_LEVEL = "-O";
				VALIDATE_PRODUCT = YES;
			};
			name = Release;
		};
		DA37029E2679573A00527F85 /* Debug */ = {
			isa = XCBuildConfiguration;
			buildSettings = {
				ASSETCATALOG_COMPILER_APPICON_NAME = AppIcon;
				ASSETCATALOG_COMPILER_GLOBAL_ACCENT_COLOR_NAME = AccentColor;
				CODE_SIGN_STYLE = Automatic;
				DEVELOPMENT_ASSET_PATHS = "\"Enroute/Preview Content\"";
				DEVELOPMENT_TEAM = DJ26AU4A57;
				ENABLE_PREVIEWS = YES;
				INFOPLIST_FILE = Enroute/Info.plist;
				IPHONEOS_DEPLOYMENT_TARGET = 14.0;
				LD_RUNPATH_SEARCH_PATHS = (
					"$(inherited)",
					"@executable_path/Frameworks",
				);
				PRODUCT_BUNDLE_IDENTIFIER = edu.stanford.cs193p.instructor.Enroute;
				PRODUCT_NAME = "$(TARGET_NAME)";
				SWIFT_VERSION = 5.0;
				TARGETED_DEVICE_FAMILY = "1,2";
			};
			name = Debug;
		};
		DA37029F2679573A00527F85 /* Release */ = {
			isa = XCBuildConfiguration;
			buildSettings = {
				ASSETCATALOG_COMPILER_APPICON_NAME = AppIcon;
				ASSETCATALOG_COMPILER_GLOBAL_ACCENT_COLOR_NAME = AccentColor;
				CODE_SIGN_STYLE = Automatic;
				DEVELOPMENT_ASSET_PATHS = "\"Enroute/Preview Content\"";
				DEVELOPMENT_TEAM = DJ26AU4A57;
				ENABLE_PREVIEWS = YES;
				INFOPLIST_FILE = Enroute/Info.plist;
				IPHONEOS_DEPLOYMENT_TARGET = 14.0;
				LD_RUNPATH_SEARCH_PATHS = (
					"$(inherited)",
					"@executable_path/Frameworks",
				);
				PRODUCT_BUNDLE_IDENTIFIER = edu.stanford.cs193p.instructor.Enroute;
				PRODUCT_NAME = "$(TARGET_NAME)";
				SWIFT_VERSION = 5.0;
				TARGETED_DEVICE_FAMILY = "1,2";
			};
			name = Release;
		};
/* End XCBuildConfiguration section */

/* Begin XCConfigurationList section */
		DA3702892679573900527F85 /* Build configuration list for PBXProject "Enroute" */ = {
			isa = XCConfigurationList;
			buildConfigurations = (
				DA37029B2679573A00527F85 /* Debug */,
				DA37029C2679573A00527F85 /* Release */,
			);
			defaultConfigurationIsVisible = 0;
			defaultConfigurationName = Release;
		};
		DA37029D2679573A00527F85 /* Build configuration list for PBXNativeTarget "Enroute" */ = {
			isa = XCConfigurationList;
			buildConfigurations = (
				DA37029E2679573A00527F85 /* Debug */,
				DA37029F2679573A00527F85 /* Release */,
			);
			defaultConfigurationIsVisible = 0;
			defaultConfigurationName = Release;
		};
/* End XCConfigurationList section */
	};
	rootObject = DA3702862679573900527F85 /* Project object */;
}
