// !$*UTF8*$!
{
	archiveVersion = 1;
	classes = {
	};
	objectVersion = 50;
	objects = {

/* Begin PBXBuildFile section */
		A47891ED2709A5AB00AAAD4F /* Memorize2App.swift in Sources */ = {isa = PBXBuildFile; fileRef = A47891EC2709A5AB00AAAD4F /* Memorize2App.swift */; };
		A47891EF2709A5AB00AAAD4F /* ContentView.swift in Sources */ = {isa = PBXBuildFile; fileRef = A47891EE2709A5AB00AAAD4F /* ContentView.swift */; };
		A47891F12709A5AC00AAAD4F /* Assets.xcassets in Resources */ = {isa = PBXBuildFile; fileRef = A47891F02709A5AC00AAAD4F /* Assets.xcassets */; };
		A47891F42709A5AC00AAAD4F /* Preview Assets.xcassets in Resources */ = {isa = PBXBuildFile; fileRef = A47891F32709A5AC00AAAD4F /* Preview Assets.xcassets */; };
		A47891FC2709A5C300AAAD4F /* MemoryGame.swift in Sources */ = {isa = PBXBuildFile; fileRef = A47891FB2709A5C300AAAD4F /* MemoryGame.swift */; };
		A47891FE2709A5E300AAAD4F /* EmojiMemoryGame.swift in Sources */ = {isa = PBXBuildFile; fileRef = A47891FD2709A5E300AAAD4F /* EmojiMemoryGame.swift */; };
/* End PBXBuildFile section */

/* Begin PBXFileReference section */
		A47891E92709A5AB00AAAD4F /* Memorize2.app */ = {isa = PBXFileReference; explicitFileType = wrapper.application; includeInIndex = 0; path = Memorize2.app; sourceTree = BUILT_PRODUCTS_DIR; };
		A47891EC2709A5AB00AAAD4F /* Memorize2App.swift */ = {isa = PBXFileReference; lastKnownFileType = sourcecode.swift; path = Memorize2App.swift; sourceTree = "<group>"; };
		A47891EE2709A5AB00AAAD4F /* ContentView.swift */ = {isa = PBXFileReference; lastKnownFileType = sourcecode.swift; path = ContentView.swift; sourceTree = "<group>"; };
		A47891F02709A5AC00AAAD4F /* Assets.xcassets */ = {isa = PBXFileReference; lastKnownFileType = folder.assetcatalog; path = Assets.xcassets; sourceTree = "<group>"; };
		A47891F32709A5AC00AAAD4F /* Preview Assets.xcassets */ = {isa = PBXFileReference; lastKnownFileType = folder.assetcatalog; path = "Preview Assets.xcassets"; sourceTree = "<group>"; };
		A47891F52709A5AC00AAAD4F /* Info.plist */ = {isa = PBXFileReference; lastKnownFileType = text.plist.xml; path = Info.plist; sourceTree = "<group>"; };
		A47891FB2709A5C300AAAD4F /* MemoryGame.swift */ = {isa = PBXFileReference; lastKnownFileType = sourcecode.swift; path = MemoryGame.swift; sourceTree = "<group>"; };
		A47891FD2709A5E300AAAD4F /* EmojiMemoryGame.swift */ = {isa = PBXFileReference; lastKnownFileType = sourcecode.swift; path = EmojiMemoryGame.swift; sourceTree = "<group>"; };
/* End PBXFileReference section */

/* Begin PBXFrameworksBuildPhase section */
		A47891E62709A5AB00AAAD4F /* Frameworks */ = {
			isa = PBXFrameworksBuildPhase;
			buildActionMask = 2147483647;
			files = (
			);
			runOnlyForDeploymentPostprocessing = 0;
		};
/* End PBXFrameworksBuildPhase section */

/* Begin PBXGroup section */
		A47891E02709A5AB00AAAD4F = {
			isa = PBXGroup;
			children = (
				A47891EB2709A5AB00AAAD4F /* Memorize2 */,
				A47891EA2709A5AB00AAAD4F /* Products */,
			);
			sourceTree = "<group>";
		};
		A47891EA2709A5AB00AAAD4F /* Products */ = {
			isa = PBXGroup;
			children = (
				A47891E92709A5AB00AAAD4F /* Memorize2.app */,
			);
			name = Products;
			sourceTree = "<group>";
		};
		A47891EB2709A5AB00AAAD4F /* Memorize2 */ = {
			isa = PBXGroup;
			children = (
				A47891EC2709A5AB00AAAD4F /* Memorize2App.swift */,
				A47891EE2709A5AB00AAAD4F /* ContentView.swift */,
				A47891F02709A5AC00AAAD4F /* Assets.xcassets */,
				A47891F52709A5AC00AAAD4F /* Info.plist */,
				A47891F22709A5AC00AAAD4F /* Preview Content */,
				A47891FB2709A5C300AAAD4F /* MemoryGame.swift */,
				A47891FD2709A5E300AAAD4F /* EmojiMemoryGame.swift */,
			);
			path = Memorize2;
			sourceTree = "<group>";
		};
		A47891F22709A5AC00AAAD4F /* Preview Content */ = {
			isa = PBXGroup;
			children = (
				A47891F32709A5AC00AAAD4F /* Preview Assets.xcassets */,
			);
			path = "Preview Content";
			sourceTree = "<group>";
		};
/* End PBXGroup section */

/* Begin PBXNativeTarget section */
		A47891E82709A5AB00AAAD4F /* Memorize2 */ = {
			isa = PBXNativeTarget;
			buildConfigurationList = A47891F82709A5AC00AAAD4F /* Build configuration list for PBXNativeTarget "Memorize2" */;
			buildPhases = (
				A47891E52709A5AB00AAAD4F /* Sources */,
				A47891E62709A5AB00AAAD4F /* Frameworks */,
				A47891E72709A5AB00AAAD4F /* Resources */,
			);
			buildRules = (
			);
			dependencies = (
			);
			name = Memorize2;
			productName = Memorize2;
			productReference = A47891E92709A5AB00AAAD4F /* Memorize2.app */;
			productType = "com.apple.product-type.application";
		};
/* End PBXNativeTarget section */

/* Begin PBXProject section */
		A47891E12709A5AB00AAAD4F /* Project object */ = {
			isa = PBXProject;
			attributes = {
				LastSwiftUpdateCheck = 1250;
				LastUpgradeCheck = 1250;
				TargetAttributes = {
					A47891E82709A5AB00AAAD4F = {
						CreatedOnToolsVersion = 12.5.1;
					};
				};
			};
			buildConfigurationList = A47891E42709A5AB00AAAD4F /* Build configuration list for PBXProject "Memorize2" */;
			compatibilityVersion = "Xcode 9.3";
			developmentRegion = en;
			hasScannedForEncodings = 0;
			knownRegions = (
				en,
				Base,
			);
			mainGroup = A47891E02709A5AB00AAAD4F;
			productRefGroup = A47891EA2709A5AB00AAAD4F /* Products */;
			projectDirPath = "";
			projectRoot = "";
			targets = (
				A47891E82709A5AB00AAAD4F /* Memorize2 */,
			);
		};
/* End PBXProject section */

/* Begin PBXResourcesBuildPhase section */
		A47891E72709A5AB00AAAD4F /* Resources */ = {
			isa = PBXResourcesBuildPhase;
			buildActionMask = 2147483647;
			files = (
				A47891F42709A5AC00AAAD4F /* Preview Assets.xcassets in Resources */,
				A47891F12709A5AC00AAAD4F /* Assets.xcassets in Resources */,
			);
			runOnlyForDeploymentPostprocessing = 0;
		};
/* End PBXResourcesBuildPhase section */

/* Begin PBXSourcesBuildPhase section */
		A47891E52709A5AB00AAAD4F /* Sources */ = {
			isa = PBXSourcesBuildPhase;
			buildActionMask = 2147483647;
			files = (
				A47891FC2709A5C300AAAD4F /* MemoryGame.swift in Sources */,
				A47891EF2709A5AB00AAAD4F /* ContentView.swift in Sources */,
				A47891ED2709A5AB00AAAD4F /* Memorize2App.swift in Sources */,
				A47891FE2709A5E300AAAD4F /* EmojiMemoryGame.swift in Sources */,
			);
			runOnlyForDeploymentPostprocessing = 0;
		};
/* End PBXSourcesBuildPhase section */

/* Begin XCBuildConfiguration section */
		A47891F62709A5AC00AAAD4F /* Debug */ = {
			isa = XCBuildConfiguration;
			buildSettings = {
				ALWAYS_SEARCH_USER_PATHS = NO;
				CLANG_ANALYZER_NONNULL = YES;
				CLANG_ANALYZER_NUMBER_OBJECT_CONVERSION = YES_AGGRESSIVE;
				CLANG_CXX_LANGUAGE_STANDARD = "gnu++14";
				CLANG_CXX_LIBRARY = "libc++";
				CLANG_ENABLE_MODULES = YES;
				CLANG_ENABLE_OBJC_ARC = YES;
				CLANG_ENABLE_OBJC_WEAK = YES;
				CLANG_WARN_BLOCK_CAPTURE_AUTORELEASING = YES;
				CLANG_WARN_BOOL_CONVERSION = YES;
				CLANG_WARN_COMMA = YES;
				CLANG_WARN_CONSTANT_CONVERSION = YES;
				CLANG_WARN_DEPRECATED_OBJC_IMPLEMENTATIONS = YES;
				CLANG_WARN_DIRECT_OBJC_ISA_USAGE = YES_ERROR;
				CLANG_WARN_DOCUMENTATION_COMMENTS = YES;
				CLANG_WARN_EMPTY_BODY = YES;
				CLANG_WARN_ENUM_CONVERSION = YES;
				CLANG_WARN_INFINITE_RECURSION = YES;
				CLANG_WARN_INT_CONVERSION = YES;
				CLANG_WARN_NON_LITERAL_NULL_CONVERSION = YES;
				CLANG_WARN_OBJC_IMPLICIT_RETAIN_SELF = YES;
				CLANG_WARN_OBJC_LITERAL_CONVERSION = YES;
				CLANG_WARN_OBJC_ROOT_CLASS = YES_ERROR;
				CLANG_WARN_QUOTED_INCLUDE_IN_FRAMEWORK_HEADER = YES;
				CLANG_WARN_RANGE_LOOP_ANALYSIS = YES;
				CLANG_WARN_STRICT_PROTOTYPES = YES;
				CLANG_WARN_SUSPICIOUS_MOVE = YES;
				CLANG_WARN_UNGUARDED_AVAILABILITY = YES_AGGRESSIVE;
				CLANG_WARN_UNREACHABLE_CODE = YES;
				CLANG_WARN__DUPLICATE_METHOD_MATCH = YES;
				COPY_PHASE_STRIP = NO;
				DEBUG_INFORMATION_FORMAT = dwarf;
				ENABLE_STRICT_OBJC_MSGSEND = YES;
				ENABLE_TESTABILITY = YES;
				GCC_C_LANGUAGE_STANDARD = gnu11;
				GCC_DYNAMIC_NO_PIC = NO;
				GCC_NO_COMMON_BLOCKS = YES;
				GCC_OPTIMIZATION_LEVEL = 0;
				GCC_PREPROCESSOR_DEFINITIONS = (
					"DEBUG=1",
					"$(inherited)",
				);
				GCC_WARN_64_TO_32_BIT_CONVERSION = YES;
				GCC_WARN_ABOUT_RETURN_TYPE = YES_ERROR;
				GCC_WARN_UNDECLARED_SELECTOR = YES;
				GCC_WARN_UNINITIALIZED_AUTOS = YES_AGGRESSIVE;
				GCC_WARN_UNUSED_FUNCTION = YES;
				GCC_WARN_UNUSED_VARIABLE = YES;
				IPHONEOS_DEPLOYMENT_TARGET = 14.5;
				MTL_ENABLE_DEBUG_INFO = INCLUDE_SOURCE;
				MTL_FAST_MATH = YES;
				ONLY_ACTIVE_ARCH = YES;
				SDKROOT = iphoneos;
				SWIFT_ACTIVE_COMPILATION_CONDITIONS = DEBUG;
				SWIFT_OPTIMIZATION_LEVEL = "-Onone";
			};
			name = Debug;
		};
		A47891F72709A5AC00AAAD4F /* Release */ = {
			isa = XCBuildConfiguration;
			buildSettings = {
				ALWAYS_SEARCH_USER_PATHS = NO;
				CLANG_ANALYZER_NONNULL = YES;
				CLANG_ANALYZER_NUMBER_OBJECT_CONVERSION = YES_AGGRESSIVE;
				CLANG_CXX_LANGUAGE_STANDARD = "gnu++14";
				CLANG_CXX_LIBRARY = "libc++";
				CLANG_ENABLE_MODULES = YES;
				CLANG_ENABLE_OBJC_ARC = YES;
				CLANG_ENABLE_OBJC_WEAK = YES;
				CLANG_WARN_BLOCK_CAPTURE_AUTORELEASING = YES;
				CLANG_WARN_BOOL_CONVERSION = YES;
				CLANG_WARN_COMMA = YES;
				CLANG_WARN_CONSTANT_CONVERSION = YES;
				CLANG_WARN_DEPRECATED_OBJC_IMPLEMENTATIONS = YES;
				CLANG_WARN_DIRECT_OBJC_ISA_USAGE = YES_ERROR;
				CLANG_WARN_DOCUMENTATION_COMMENTS = YES;
				CLANG_WARN_EMPTY_BODY = YES;
				CLANG_WARN_ENUM_CONVERSION = YES;
				CLANG_WARN_INFINITE_RECURSION = YES;
				CLANG_WARN_INT_CONVERSION = YES;
				CLANG_WARN_NON_LITERAL_NULL_CONVERSION = YES;
				CLANG_WARN_OBJC_IMPLICIT_RETAIN_SELF = YES;
				CLANG_WARN_OBJC_LITERAL_CONVERSION = YES;
				CLANG_WARN_OBJC_ROOT_CLASS = YES_ERROR;
				CLANG_WARN_QUOTED_INCLUDE_IN_FRAMEWORK_HEADER = YES;
				CLANG_WARN_RANGE_LOOP_ANALYSIS = YES;
				CLANG_WARN_STRICT_PROTOTYPES = YES;
				CLANG_WARN_SUSPICIOUS_MOVE = YES;
				CLANG_WARN_UNGUARDED_AVAILABILITY = YES_AGGRESSIVE;
				CLANG_WARN_UNREACHABLE_CODE = YES;
				CLANG_WARN__DUPLICATE_METHOD_MATCH = YES;
				COPY_PHASE_STRIP = NO;
				DEBUG_INFORMATION_FORMAT = "dwarf-with-dsym";
				ENABLE_NS_ASSERTIONS = NO;
				ENABLE_STRICT_OBJC_MSGSEND = YES;
				GCC_C_LANGUAGE_STANDARD = gnu11;
				GCC_NO_COMMON_BLOCKS = YES;
				GCC_WARN_64_TO_32_BIT_CONVERSION = YES;
				GCC_WARN_ABOUT_RETURN_TYPE = YES_ERROR;
				GCC_WARN_UNDECLARED_SELECTOR = YES;
				GCC_WARN_UNINITIALIZED_AUTOS = YES_AGGRESSIVE;
				GCC_WARN_UNUSED_FUNCTION = YES;
				GCC_WARN_UNUSED_VARIABLE = YES;
				IPHONEOS_DEPLOYMENT_TARGET = 14.5;
				MTL_ENABLE_DEBUG_INFO = NO;
				MTL_FAST_MATH = YES;
				SDKROOT = iphoneos;
				SWIFT_COMPILATION_MODE = wholemodule;
				SWIFT_OPTIMIZATION_LEVEL = "-O";
				VALIDATE_PRODUCT = YES;
			};
			name = Release;
		};
		A47891F92709A5AC00AAAD4F /* Debug */ = {
			isa = XCBuildConfiguration;
			buildSettings = {
				ASSETCATALOG_COMPILER_APPICON_NAME = AppIcon;
				ASSETCATALOG_COMPILER_GLOBAL_ACCENT_COLOR_NAME = AccentColor;
				CODE_SIGN_STYLE = Automatic;
				DEVELOPMENT_ASSET_PATHS = "\"Memorize2/Preview Content\"";
				DEVELOPMENT_TEAM = WA6PY6NL25;
				ENABLE_PREVIEWS = YES;
				INFOPLIST_FILE = Memorize2/Info.plist;
				IPHONEOS_DEPLOYMENT_TARGET = 14.0;
				LD_RUNPATH_SEARCH_PATHS = (
					"$(inherited)",
					"@executable_path/Frameworks",
				);
				PRODUCT_BUNDLE_IDENTIFIER = me.skkimeo.Memorize2;
				PRODUCT_NAME = "$(TARGET_NAME)";
				SWIFT_VERSION = 5.0;
				TARGETED_DEVICE_FAMILY = "1,2";
			};
			name = Debug;
		};
		A47891FA2709A5AC00AAAD4F /* Release */ = {
			isa = XCBuildConfiguration;
			buildSettings = {
				ASSETCATALOG_COMPILER_APPICON_NAME = AppIcon;
				ASSETCATALOG_COMPILER_GLOBAL_ACCENT_COLOR_NAME = AccentColor;
				CODE_SIGN_STYLE = Automatic;
				DEVELOPMENT_ASSET_PATHS = "\"Memorize2/Preview Content\"";
				DEVELOPMENT_TEAM = WA6PY6NL25;
				ENABLE_PREVIEWS = YES;
				INFOPLIST_FILE = Memorize2/Info.plist;
				IPHONEOS_DEPLOYMENT_TARGET = 14.0;
				LD_RUNPATH_SEARCH_PATHS = (
					"$(inherited)",
					"@executable_path/Frameworks",
				);
				PRODUCT_BUNDLE_IDENTIFIER = me.skkimeo.Memorize2;
				PRODUCT_NAME = "$(TARGET_NAME)";
				SWIFT_VERSION = 5.0;
				TARGETED_DEVICE_FAMILY = "1,2";
			};
			name = Release;
		};
/* End XCBuildConfiguration section */

/* Begin XCConfigurationList section */
		A47891E42709A5AB00AAAD4F /* Build configuration list for PBXProject "Memorize2" */ = {
			isa = XCConfigurationList;
			buildConfigurations = (
				A47891F62709A5AC00AAAD4F /* Debug */,
				A47891F72709A5AC00AAAD4F /* Release */,
			);
			defaultConfigurationIsVisible = 0;
			defaultConfigurationName = Release;
		};
		A47891F82709A5AC00AAAD4F /* Build configuration list for PBXNativeTarget "Memorize2" */ = {
			isa = XCConfigurationList;
			buildConfigurations = (
				A47891F92709A5AC00AAAD4F /* Debug */,
				A47891FA2709A5AC00AAAD4F /* Release */,
			);
			defaultConfigurationIsVisible = 0;
			defaultConfigurationName = Release;
		};
/* End XCConfigurationList section */
	};
	rootObject = A47891E12709A5AB00AAAD4F /* Project object */;
}
