// !$*UTF8*$!
{
	archiveVersion = 1;
	classes = {
	};
	objectVersion = 55;
	objects = {

/* Begin PBXBuildFile section */
		A45A94272765FF43008F626F /* EmojiArtApp.swift in Sources */ = {isa = PBXBuildFile; fileRef = A45A94262765FF43008F626F /* EmojiArtApp.swift */; };
		A45A942B2765FF45008F626F /* Assets.xcassets in Resources */ = {isa = PBXBuildFile; fileRef = A45A942A2765FF45008F626F /* Assets.xcassets */; };
		A45A942E2765FF45008F626F /* Preview Assets.xcassets in Resources */ = {isa = PBXBuildFile; fileRef = A45A942D2765FF45008F626F /* Preview Assets.xcassets */; };
		A45A94392765FF55008F626F /* SelectionEffect.swift in Sources */ = {isa = PBXBuildFile; fileRef = A45A94352765FF55008F626F /* SelectionEffect.swift */; };
		A45A943A2765FF55008F626F /* EmojiArtDocumentView.swift in Sources */ = {isa = PBXBuildFile; fileRef = A45A94362765FF55008F626F /* EmojiArtDocumentView.swift */; };
		A45A943B2765FF55008F626F /* ScrollingEmojisView.swift in Sources */ = {isa = PBXBuildFile; fileRef = A45A94372765FF55008F626F /* ScrollingEmojisView.swift */; };
		A45A943C2765FF55008F626F /* UtilityViews.swift in Sources */ = {isa = PBXBuildFile; fileRef = A45A94382765FF55008F626F /* UtilityViews.swift */; };
		A45A943F2765FF5F008F626F /* EmojiArtDocument.swift in Sources */ = {isa = PBXBuildFile; fileRef = A45A943E2765FF5F008F626F /* EmojiArtDocument.swift */; };
		A45A94422765FF68008F626F /* UtilityExtensions.swift in Sources */ = {isa = PBXBuildFile; fileRef = A45A94412765FF68008F626F /* UtilityExtensions.swift */; };
		A45A94462765FF6D008F626F /* EmojiArtModel.swift in Sources */ = {isa = PBXBuildFile; fileRef = A45A94442765FF6D008F626F /* EmojiArtModel.swift */; };
		A45A94472765FF6D008F626F /* EmojiArt.Background.swift in Sources */ = {isa = PBXBuildFile; fileRef = A45A94452765FF6D008F626F /* EmojiArt.Background.swift */; };
/* End PBXBuildFile section */

/* Begin PBXFileReference section */
		A45A94232765FF43008F626F /* EmojiArt.app */ = {isa = PBXFileReference; explicitFileType = wrapper.application; includeInIndex = 0; path = EmojiArt.app; sourceTree = BUILT_PRODUCTS_DIR; };
		A45A94262765FF43008F626F /* EmojiArtApp.swift */ = {isa = PBXFileReference; lastKnownFileType = sourcecode.swift; path = EmojiArtApp.swift; sourceTree = "<group>"; };
		A45A942A2765FF45008F626F /* Assets.xcassets */ = {isa = PBXFileReference; lastKnownFileType = folder.assetcatalog; path = Assets.xcassets; sourceTree = "<group>"; };
		A45A942D2765FF45008F626F /* Preview Assets.xcassets */ = {isa = PBXFileReference; lastKnownFileType = folder.assetcatalog; path = "Preview Assets.xcassets"; sourceTree = "<group>"; };
		A45A94352765FF55008F626F /* SelectionEffect.swift */ = {isa = PBXFileReference; fileEncoding = 4; lastKnownFileType = sourcecode.swift; path = SelectionEffect.swift; sourceTree = "<group>"; };
		A45A94362765FF55008F626F /* EmojiArtDocumentView.swift */ = {isa = PBXFileReference; fileEncoding = 4; lastKnownFileType = sourcecode.swift; path = EmojiArtDocumentView.swift; sourceTree = "<group>"; };
		A45A94372765FF55008F626F /* ScrollingEmojisView.swift */ = {isa = PBXFileReference; fileEncoding = 4; lastKnownFileType = sourcecode.swift; path = ScrollingEmojisView.swift; sourceTree = "<group>"; };
		A45A94382765FF55008F626F /* UtilityViews.swift */ = {isa = PBXFileReference; fileEncoding = 4; lastKnownFileType = sourcecode.swift; path = UtilityViews.swift; sourceTree = "<group>"; };
		A45A943E2765FF5F008F626F /* EmojiArtDocument.swift */ = {isa = PBXFileReference; fileEncoding = 4; lastKnownFileType = sourcecode.swift; path = EmojiArtDocument.swift; sourceTree = "<group>"; };
		A45A94412765FF68008F626F /* UtilityExtensions.swift */ = {isa = PBXFileReference; fileEncoding = 4; lastKnownFileType = sourcecode.swift; path = UtilityExtensions.swift; sourceTree = "<group>"; };
		A45A94442765FF6D008F626F /* EmojiArtModel.swift */ = {isa = PBXFileReference; fileEncoding = 4; lastKnownFileType = sourcecode.swift; path = EmojiArtModel.swift; sourceTree = "<group>"; };
		A45A94452765FF6D008F626F /* EmojiArt.Background.swift */ = {isa = PBXFileReference; fileEncoding = 4; lastKnownFileType = sourcecode.swift; path = EmojiArt.Background.swift; sourceTree = "<group>"; };
/* End PBXFileReference section */

/* Begin PBXFrameworksBuildPhase section */
		A45A94202765FF43008F626F /* Frameworks */ = {
			isa = PBXFrameworksBuildPhase;
			buildActionMask = 2147483647;
			files = (
			);
			runOnlyForDeploymentPostprocessing = 0;
		};
/* End PBXFrameworksBuildPhase section */

/* Begin PBXGroup section */
		A45A941A2765FF43008F626F = {
			isa = PBXGroup;
			children = (
				A45A94252765FF43008F626F /* EmojiArt */,
				A45A94242765FF43008F626F /* Products */,
			);
			sourceTree = "<group>";
		};
		A45A94242765FF43008F626F /* Products */ = {
			isa = PBXGroup;
			children = (
				A45A94232765FF43008F626F /* EmojiArt.app */,
			);
			name = Products;
			sourceTree = "<group>";
		};
		A45A94252765FF43008F626F /* EmojiArt */ = {
			isa = PBXGroup;
			children = (
				A45A94262765FF43008F626F /* EmojiArtApp.swift */,
				A45A94432765FF6D008F626F /* Models */,
				A45A94402765FF68008F626F /* Extensions */,
				A45A943D2765FF5F008F626F /* ViewModels */,
				A45A94342765FF55008F626F /* Views */,
				A45A942A2765FF45008F626F /* Assets.xcassets */,
				A45A942C2765FF45008F626F /* Preview Content */,
			);
			path = EmojiArt;
			sourceTree = "<group>";
		};
		A45A942C2765FF45008F626F /* Preview Content */ = {
			isa = PBXGroup;
			children = (
				A45A942D2765FF45008F626F /* Preview Assets.xcassets */,
			);
			path = "Preview Content";
			sourceTree = "<group>";
		};
		A45A94342765FF55008F626F /* Views */ = {
			isa = PBXGroup;
			children = (
				A45A94352765FF55008F626F /* SelectionEffect.swift */,
				A45A94362765FF55008F626F /* EmojiArtDocumentView.swift */,
				A45A94372765FF55008F626F /* ScrollingEmojisView.swift */,
				A45A94382765FF55008F626F /* UtilityViews.swift */,
			);
			path = Views;
			sourceTree = "<group>";
		};
		A45A943D2765FF5F008F626F /* ViewModels */ = {
			isa = PBXGroup;
			children = (
				A45A943E2765FF5F008F626F /* EmojiArtDocument.swift */,
			);
			path = ViewModels;
			sourceTree = "<group>";
		};
		A45A94402765FF68008F626F /* Extensions */ = {
			isa = PBXGroup;
			children = (
				A45A94412765FF68008F626F /* UtilityExtensions.swift */,
			);
			path = Extensions;
			sourceTree = "<group>";
		};
		A45A94432765FF6D008F626F /* Models */ = {
			isa = PBXGroup;
			children = (
				A45A94442765FF6D008F626F /* EmojiArtModel.swift */,
				A45A94452765FF6D008F626F /* EmojiArt.Background.swift */,
			);
			path = Models;
			sourceTree = "<group>";
		};
/* End PBXGroup section */

/* Begin PBXNativeTarget section */
		A45A94222765FF43008F626F /* EmojiArt */ = {
			isa = PBXNativeTarget;
			buildConfigurationList = A45A94312765FF45008F626F /* Build configuration list for PBXNativeTarget "EmojiArt" */;
			buildPhases = (
				A45A941F2765FF43008F626F /* Sources */,
				A45A94202765FF43008F626F /* Frameworks */,
				A45A94212765FF43008F626F /* Resources */,
			);
			buildRules = (
			);
			dependencies = (
			);
			name = EmojiArt;
			productName = EmojiArt;
			productReference = A45A94232765FF43008F626F /* EmojiArt.app */;
			productType = "com.apple.product-type.application";
		};
/* End PBXNativeTarget section */

/* Begin PBXProject section */
		A45A941B2765FF43008F626F /* Project object */ = {
			isa = PBXProject;
			attributes = {
				BuildIndependentTargetsInParallel = 1;
				LastSwiftUpdateCheck = 1300;
				LastUpgradeCheck = 1300;
				TargetAttributes = {
					A45A94222765FF43008F626F = {
						CreatedOnToolsVersion = 13.0;
					};
				};
			};
			buildConfigurationList = A45A941E2765FF43008F626F /* Build configuration list for PBXProject "EmojiArt" */;
			compatibilityVersion = "Xcode 13.0";
			developmentRegion = en;
			hasScannedForEncodings = 0;
			knownRegions = (
				en,
				Base,
			);
			mainGroup = A45A941A2765FF43008F626F;
			productRefGroup = A45A94242765FF43008F626F /* Products */;
			projectDirPath = "";
			projectRoot = "";
			targets = (
				A45A94222765FF43008F626F /* EmojiArt */,
			);
		};
/* End PBXProject section */

/* Begin PBXResourcesBuildPhase section */
		A45A94212765FF43008F626F /* Resources */ = {
			isa = PBXResourcesBuildPhase;
			buildActionMask = 2147483647;
			files = (
				A45A942E2765FF45008F626F /* Preview Assets.xcassets in Resources */,
				A45A942B2765FF45008F626F /* Assets.xcassets in Resources */,
			);
			runOnlyForDeploymentPostprocessing = 0;
		};
/* End PBXResourcesBuildPhase section */

/* Begin PBXSourcesBuildPhase section */
		A45A941F2765FF43008F626F /* Sources */ = {
			isa = PBXSourcesBuildPhase;
			buildActionMask = 2147483647;
			files = (
				A45A943B2765FF55008F626F /* ScrollingEmojisView.swift in Sources */,
				A45A94392765FF55008F626F /* SelectionEffect.swift in Sources */,
				A45A943A2765FF55008F626F /* EmojiArtDocumentView.swift in Sources */,
				A45A943F2765FF5F008F626F /* EmojiArtDocument.swift in Sources */,
				A45A94272765FF43008F626F /* EmojiArtApp.swift in Sources */,
				A45A94422765FF68008F626F /* UtilityExtensions.swift in Sources */,
				A45A94472765FF6D008F626F /* EmojiArt.Background.swift in Sources */,
				A45A943C2765FF55008F626F /* UtilityViews.swift in Sources */,
				A45A94462765FF6D008F626F /* EmojiArtModel.swift in Sources */,
			);
			runOnlyForDeploymentPostprocessing = 0;
		};
/* End PBXSourcesBuildPhase section */

/* Begin XCBuildConfiguration section */
		A45A942F2765FF45008F626F /* Debug */ = {
			isa = XCBuildConfiguration;
			buildSettings = {
				ALWAYS_SEARCH_USER_PATHS = NO;
				CLANG_ANALYZER_NONNULL = YES;
				CLANG_ANALYZER_NUMBER_OBJECT_CONVERSION = YES_AGGRESSIVE;
				CLANG_CXX_LANGUAGE_STANDARD = "gnu++17";
				CLANG_CXX_LIBRARY = "libc++";
				CLANG_ENABLE_MODULES = YES;
				CLANG_ENABLE_OBJC_ARC = YES;
				CLANG_ENABLE_OBJC_WEAK = YES;
				CLANG_WARN_BLOCK_CAPTURE_AUTORELEASING = YES;
				CLANG_WARN_BOOL_CONVERSION = YES;
				CLANG_WARN_COMMA = YES;
				CLANG_WARN_CONSTANT_CONVERSION = YES;
				CLANG_WARN_DEPRECATED_OBJC_IMPLEMENTATIONS = YES;
				CLANG_WARN_DIRECT_OBJC_ISA_USAGE = YES_ERROR;
				CLANG_WARN_DOCUMENTATION_COMMENTS = YES;
				CLANG_WARN_EMPTY_BODY = YES;
				CLANG_WARN_ENUM_CONVERSION = YES;
				CLANG_WARN_INFINITE_RECURSION = YES;
				CLANG_WARN_INT_CONVERSION = YES;
				CLANG_WARN_NON_LITERAL_NULL_CONVERSION = YES;
				CLANG_WARN_OBJC_IMPLICIT_RETAIN_SELF = YES;
				CLANG_WARN_OBJC_LITERAL_CONVERSION = YES;
				CLANG_WARN_OBJC_ROOT_CLASS = YES_ERROR;
				CLANG_WARN_QUOTED_INCLUDE_IN_FRAMEWORK_HEADER = YES;
				CLANG_WARN_RANGE_LOOP_ANALYSIS = YES;
				CLANG_WARN_STRICT_PROTOTYPES = YES;
				CLANG_WARN_SUSPICIOUS_MOVE = YES;
				CLANG_WARN_UNGUARDED_AVAILABILITY = YES_AGGRESSIVE;
				CLANG_WARN_UNREACHABLE_CODE = YES;
				CLANG_WARN__DUPLICATE_METHOD_MATCH = YES;
				COPY_PHASE_STRIP = NO;
				DEBUG_INFORMATION_FORMAT = dwarf;
				ENABLE_STRICT_OBJC_MSGSEND = YES;
				ENABLE_TESTABILITY = YES;
				GCC_C_LANGUAGE_STANDARD = gnu11;
				GCC_DYNAMIC_NO_PIC = NO;
				GCC_NO_COMMON_BLOCKS = YES;
				GCC_OPTIMIZATION_LEVEL = 0;
				GCC_PREPROCESSOR_DEFINITIONS = (
					"DEBUG=1",
					"$(inherited)",
				);
				GCC_WARN_64_TO_32_BIT_CONVERSION = YES;
				GCC_WARN_ABOUT_RETURN_TYPE = YES_ERROR;
				GCC_WARN_UNDECLARED_SELECTOR = YES;
				GCC_WARN_UNINITIALIZED_AUTOS = YES_AGGRESSIVE;
				GCC_WARN_UNUSED_FUNCTION = YES;
				GCC_WARN_UNUSED_VARIABLE = YES;
				IPHONEOS_DEPLOYMENT_TARGET = 15.0;
				MTL_ENABLE_DEBUG_INFO = INCLUDE_SOURCE;
				MTL_FAST_MATH = YES;
				ONLY_ACTIVE_ARCH = YES;
				SDKROOT = iphoneos;
				SWIFT_ACTIVE_COMPILATION_CONDITIONS = DEBUG;
				SWIFT_OPTIMIZATION_LEVEL = "-Onone";
			};
			name = Debug;
		};
		A45A94302765FF45008F626F /* Release */ = {
			isa = XCBuildConfiguration;
			buildSettings = {
				ALWAYS_SEARCH_USER_PATHS = NO;
				CLANG_ANALYZER_NONNULL = YES;
				CLANG_ANALYZER_NUMBER_OBJECT_CONVERSION = YES_AGGRESSIVE;
				CLANG_CXX_LANGUAGE_STANDARD = "gnu++17";
				CLANG_CXX_LIBRARY = "libc++";
				CLANG_ENABLE_MODULES = YES;
				CLANG_ENABLE_OBJC_ARC = YES;
				CLANG_ENABLE_OBJC_WEAK = YES;
				CLANG_WARN_BLOCK_CAPTURE_AUTORELEASING = YES;
				CLANG_WARN_BOOL_CONVERSION = YES;
				CLANG_WARN_COMMA = YES;
				CLANG_WARN_CONSTANT_CONVERSION = YES;
				CLANG_WARN_DEPRECATED_OBJC_IMPLEMENTATIONS = YES;
				CLANG_WARN_DIRECT_OBJC_ISA_USAGE = YES_ERROR;
				CLANG_WARN_DOCUMENTATION_COMMENTS = YES;
				CLANG_WARN_EMPTY_BODY = YES;
				CLANG_WARN_ENUM_CONVERSION = YES;
				CLANG_WARN_INFINITE_RECURSION = YES;
				CLANG_WARN_INT_CONVERSION = YES;
				CLANG_WARN_NON_LITERAL_NULL_CONVERSION = YES;
				CLANG_WARN_OBJC_IMPLICIT_RETAIN_SELF = YES;
				CLANG_WARN_OBJC_LITERAL_CONVERSION = YES;
				CLANG_WARN_OBJC_ROOT_CLASS = YES_ERROR;
				CLANG_WARN_QUOTED_INCLUDE_IN_FRAMEWORK_HEADER = YES;
				CLANG_WARN_RANGE_LOOP_ANALYSIS = YES;
				CLANG_WARN_STRICT_PROTOTYPES = YES;
				CLANG_WARN_SUSPICIOUS_MOVE = YES;
				CLANG_WARN_UNGUARDED_AVAILABILITY = YES_AGGRESSIVE;
				CLANG_WARN_UNREACHABLE_CODE = YES;
				CLANG_WARN__DUPLICATE_METHOD_MATCH = YES;
				COPY_PHASE_STRIP = NO;
				DEBUG_INFORMATION_FORMAT = "dwarf-with-dsym";
				ENABLE_NS_ASSERTIONS = NO;
				ENABLE_STRICT_OBJC_MSGSEND = YES;
				GCC_C_LANGUAGE_STANDARD = gnu11;
				GCC_NO_COMMON_BLOCKS = YES;
				GCC_WARN_64_TO_32_BIT_CONVERSION = YES;
				GCC_WARN_ABOUT_RETURN_TYPE = YES_ERROR;
				GCC_WARN_UNDECLARED_SELECTOR = YES;
				GCC_WARN_UNINITIALIZED_AUTOS = YES_AGGRESSIVE;
				GCC_WARN_UNUSED_FUNCTION = YES;
				GCC_WARN_UNUSED_VARIABLE = YES;
				IPHONEOS_DEPLOYMENT_TARGET = 15.0;
				MTL_ENABLE_DEBUG_INFO = NO;
				MTL_FAST_MATH = YES;
				SDKROOT = iphoneos;
				SWIFT_COMPILATION_MODE = wholemodule;
				SWIFT_OPTIMIZATION_LEVEL = "-O";
				VALIDATE_PRODUCT = YES;
			};
			name = Release;
		};
		A45A94322765FF45008F626F /* Debug */ = {
			isa = XCBuildConfiguration;
			buildSettings = {
				ASSETCATALOG_COMPILER_APPICON_NAME = AppIcon;
				ASSETCATALOG_COMPILER_GLOBAL_ACCENT_COLOR_NAME = AccentColor;
				CODE_SIGN_STYLE = Automatic;
				CURRENT_PROJECT_VERSION = 1;
				DEVELOPMENT_ASSET_PATHS = "\"EmojiArt/Preview Content\"";
				DEVELOPMENT_TEAM = WA6PY6NL25;
				ENABLE_PREVIEWS = YES;
				GENERATE_INFOPLIST_FILE = YES;
				INFOPLIST_KEY_UIApplicationSceneManifest_Generation = YES;
				INFOPLIST_KEY_UIApplicationSupportsIndirectInputEvents = YES;
				INFOPLIST_KEY_UILaunchScreen_Generation = YES;
				INFOPLIST_KEY_UISupportedInterfaceOrientations_iPad = "UIInterfaceOrientationPortrait UIInterfaceOrientationPortraitUpsideDown UIInterfaceOrientationLandscapeLeft UIInterfaceOrientationLandscapeRight";
				INFOPLIST_KEY_UISupportedInterfaceOrientations_iPhone = "UIInterfaceOrientationPortrait UIInterfaceOrientationLandscapeLeft UIInterfaceOrientationLandscapeRight";
				IPHONEOS_DEPLOYMENT_TARGET = 14.0;
				LD_RUNPATH_SEARCH_PATHS = (
					"$(inherited)",
					"@executable_path/Frameworks",
				);
				MARKETING_VERSION = 1.0;
				PRODUCT_BUNDLE_IDENTIFIER = io.github.skkimeo.EmojiArt;
				PRODUCT_NAME = "$(TARGET_NAME)";
				SWIFT_EMIT_LOC_STRINGS = YES;
				SWIFT_VERSION = 5.0;
				TARGETED_DEVICE_FAMILY = "1,2";
			};
			name = Debug;
		};
		A45A94332765FF45008F626F /* Release */ = {
			isa = XCBuildConfiguration;
			buildSettings = {
				ASSETCATALOG_COMPILER_APPICON_NAME = AppIcon;
				ASSETCATALOG_COMPILER_GLOBAL_ACCENT_COLOR_NAME = AccentColor;
				CODE_SIGN_STYLE = Automatic;
				CURRENT_PROJECT_VERSION = 1;
				DEVELOPMENT_ASSET_PATHS = "\"EmojiArt/Preview Content\"";
				DEVELOPMENT_TEAM = WA6PY6NL25;
				ENABLE_PREVIEWS = YES;
				GENERATE_INFOPLIST_FILE = YES;
				INFOPLIST_KEY_UIApplicationSceneManifest_Generation = YES;
				INFOPLIST_KEY_UIApplicationSupportsIndirectInputEvents = YES;
				INFOPLIST_KEY_UILaunchScreen_Generation = YES;
				INFOPLIST_KEY_UISupportedInterfaceOrientations_iPad = "UIInterfaceOrientationPortrait UIInterfaceOrientationPortraitUpsideDown UIInterfaceOrientationLandscapeLeft UIInterfaceOrientationLandscapeRight";
				INFOPLIST_KEY_UISupportedInterfaceOrientations_iPhone = "UIInterfaceOrientationPortrait UIInterfaceOrientationLandscapeLeft UIInterfaceOrientationLandscapeRight";
				IPHONEOS_DEPLOYMENT_TARGET = 14.0;
				LD_RUNPATH_SEARCH_PATHS = (
					"$(inherited)",
					"@executable_path/Frameworks",
				);
				MARKETING_VERSION = 1.0;
				PRODUCT_BUNDLE_IDENTIFIER = io.github.skkimeo.EmojiArt;
				PRODUCT_NAME = "$(TARGET_NAME)";
				SWIFT_EMIT_LOC_STRINGS = YES;
				SWIFT_VERSION = 5.0;
				TARGETED_DEVICE_FAMILY = "1,2";
			};
			name = Release;
		};
/* End XCBuildConfiguration section */

/* Begin XCConfigurationList section */
		A45A941E2765FF43008F626F /* Build configuration list for PBXProject "EmojiArt" */ = {
			isa = XCConfigurationList;
			buildConfigurations = (
				A45A942F2765FF45008F626F /* Debug */,
				A45A94302765FF45008F626F /* Release */,
			);
			defaultConfigurationIsVisible = 0;
			defaultConfigurationName = Release;
		};
		A45A94312765FF45008F626F /* Build configuration list for PBXNativeTarget "EmojiArt" */ = {
			isa = XCConfigurationList;
			buildConfigurations = (
				A45A94322765FF45008F626F /* Debug */,
				A45A94332765FF45008F626F /* Release */,
			);
			defaultConfigurationIsVisible = 0;
			defaultConfigurationName = Release;
		};
/* End XCConfigurationList section */
	};
	rootObject = A45A941B2765FF43008F626F /* Project object */;
}
